
Microsoft Visual Studio Solution File, Format Version 12.00
# Visual Studio 15
Project("{FAE04EC0-301F-11D3-BF4B-00C04F79EFBC}") = "Assembly-CSharp", "Assembly-CSharp.csproj", "{D5E8A5A6-BB60-94B7-89CD-A29AF0BE7C94}"
EndProject
Project("{FAE04EC0-301F-11D3-BF4B-00C04F79EFBC}") = "Assembly-CSharp-Editor", "Assembly-CSharp-Editor.csproj", "{59B54FA2-A07E-736E-2795-8DD4A315B9CC}"
EndProject
Global
	GlobalSection(SolutionConfigurationPlatforms) = preSolution
		Debug|Any CPU = Debug|Any CPU
		Release|Any CPU = Release|Any CPU
	EndGlobalSection
	GlobalSection(ProjectConfigurationPlatforms) = postSolution
		{D5E8A5A6-BB60-94B7-89CD-A29AF0BE7C94}.Debug|Any CPU.ActiveCfg = Debug|Any CPU
		{D5E8A5A6-BB60-94B7-89CD-A29AF0BE7C94}.Debug|Any CPU.Build.0 = Debug|Any CPU
		{D5E8A5A6-BB60-94B7-89CD-A29AF0BE7C94}.Release|Any CPU.ActiveCfg = Release|Any CPU
		{D5E8A5A6-BB60-94B7-89CD-A29AF0BE7C94}.Release|Any CPU.Build.0 = Release|Any CPU
		{59B54FA2-A07E-736E-2795-8DD4A315B9CC}.Debug|Any CPU.ActiveCfg = Debug|Any CPU
		{59B54FA2-A07E-736E-2795-8DD4A315B9CC}.Debug|Any CPU.Build.0 = Debug|Any CPU
		{59B54FA2-A07E-736E-2795-8DD4A315B9CC}.Release|Any CPU.ActiveCfg = Release|Any CPU
		{59B54FA2-A07E-736E-2795-8DD4A315B9CC}.Release|Any CPU.Build.0 = Release|Any CPU
	EndGlobalSection
	GlobalSection(SolutionProperties) = preSolution
		HideSolutionNode = FALSE
	EndGlobalSection
EndGlobal
